
Microsoft Visual Studio Solution File, Format Version 12.00
# Visual Studio Version 17
VisualStudioVersion = 17.1.32328.378
MinimumVisualStudioVersion = 10.0.40219.1
Project("{9A19103F-16F7-4668-BE54-9A1E7A4F7556}") = "ApiClientes", "ApiClientes\ApiClientes.csproj", "{675C42C2-214F-4C5A-83CC-B0A0CE887F36}"
EndProject
Project("{9092AA53-FB77-4645-B42D-1CCCA6BD08BD}") = "FrontClientes", "FrontClientes\FrontClientes.njsproj", "{42F61502-D3CC-43EB-A030-D56B13F4C072}"
EndProject
Global
	GlobalSection(SolutionConfigurationPlatforms) = preSolution
		Debug|Any CPU = Debug|Any CPU
		Release|Any CPU = Release|Any CPU
	EndGlobalSection
	GlobalSection(ProjectConfigurationPlatforms) = postSolution
		{675C42C2-214F-4C5A-83CC-B0A0CE887F36}.Debug|Any CPU.ActiveCfg = Debug|Any CPU
		{675C42C2-214F-4C5A-83CC-B0A0CE887F36}.Debug|Any CPU.Build.0 = Debug|Any CPU
		{675C42C2-214F-4C5A-83CC-B0A0CE887F36}.Release|Any CPU.ActiveCfg = Release|Any CPU
		{675C42C2-214F-4C5A-83CC-B0A0CE887F36}.Release|Any CPU.Build.0 = Release|Any CPU
		{42F61502-D3CC-43EB-A030-D56B13F4C072}.Debug|Any CPU.ActiveCfg = Debug|Any CPU
		{42F61502-D3CC-43EB-A030-D56B13F4C072}.Debug|Any CPU.Build.0 = Debug|Any CPU
		{42F61502-D3CC-43EB-A030-D56B13F4C072}.Release|Any CPU.ActiveCfg = Release|Any CPU
		{42F61502-D3CC-43EB-A030-D56B13F4C072}.Release|Any CPU.Build.0 = Release|Any CPU
	EndGlobalSection
	GlobalSection(SolutionProperties) = preSolution
		HideSolutionNode = FALSE
	EndGlobalSection
	GlobalSection(ExtensibilityGlobals) = postSolution
		SolutionGuid = {A1CA03C2-13A6-456F-B745-4A870AE29075}
	EndGlobalSection
EndGlobal
